{
  "name": "elmanzala-worker",
  "lockfileVersion": 3,
  "requires": true,
  "packages": {
    "": {
      "name": "elmanzala-worker",
      "dependencies": {
        "@tursodatabase/serverless": "^1.4.0"
      }
    },
    "node_modules/@tursodatabase/serverless": {
      "version": "1.4.0",
      "resolved": "https://registry.npmjs.org/@tursodatabase/serverless/-/serverless-1.4.0.tgz",
      "integrity": "sha512-ZU3T76NG/E0NTKULqJ9TggJfbdPgRaChOS4HDOu3Srds7w7fSPie7jbPHzz+CLGrxs2TtMYtYB1lH5Bh6q1w7A==",
      "license": "MIT"
    }
  }
}
